
Microsoft Visual Studio Solution File, Format Version 12.00
# Visual Studio Version 16
VisualStudioVersion = 16.0.31205.134
MinimumVisualStudioVersion = 10.0.40219.1
Project("{9A19103F-16F7-4668-BE54-9A1E7A4F7556}") = "FakeDomain", "FakeDomain\FakeDomain.csproj", "{C0E3B582-404E-4D99-A642-A407CE0D92C0}"
EndProject
Project("{9A19103F-16F7-4668-BE54-9A1E7A4F7556}") = "JenkinsTests.xUnitFake", "tests\JenkinsTests.xUnitFake\JenkinsTests.xUnitFake.csproj", "{D0568101-A5AB-4E70-8C71-6E2D6197603D}"
EndProject
Project("{9A19103F-16F7-4668-BE54-9A1E7A4F7556}") = "JenkinsTests.nUnitFake", "tests\JenkinsTests.nUnitFake\JenkinsTests.nUnitFake.csproj", "{6B685ACB-4FD0-4C88-AF83-BC6B03A59E4A}"
EndProject
Project("{2150E333-8FDC-42A3-9474-1A3956D46DE8}") = "Tests", "Tests", "{D1EAB4C5-0269-4D7D-B101-39EC1E89D967}"
EndProject
Project("{9A19103F-16F7-4668-BE54-9A1E7A4F7556}") = "JenkinsTests.MSTestFake", "tests\JenkinsTests.MSTestFake\JenkinsTests.MSTestFake.csproj", "{8E8191CF-01EF-4F91-A9BA-5290E20F28B5}"
EndProject
Global
	GlobalSection(SolutionConfigurationPlatforms) = preSolution
		Debug|Any CPU = Debug|Any CPU
		Release|Any CPU = Release|Any CPU
	EndGlobalSection
	GlobalSection(ProjectConfigurationPlatforms) = postSolution
		{C0E3B582-404E-4D99-A642-A407CE0D92C0}.Debug|Any CPU.ActiveCfg = Debug|Any CPU
		{C0E3B582-404E-4D99-A642-A407CE0D92C0}.Debug|Any CPU.Build.0 = Debug|Any CPU
		{C0E3B582-404E-4D99-A642-A407CE0D92C0}.Release|Any CPU.ActiveCfg = Release|Any CPU
		{C0E3B582-404E-4D99-A642-A407CE0D92C0}.Release|Any CPU.Build.0 = Release|Any CPU
		{D0568101-A5AB-4E70-8C71-6E2D6197603D}.Debug|Any CPU.ActiveCfg = Debug|Any CPU
		{D0568101-A5AB-4E70-8C71-6E2D6197603D}.Debug|Any CPU.Build.0 = Debug|Any CPU
		{D0568101-A5AB-4E70-8C71-6E2D6197603D}.Release|Any CPU.ActiveCfg = Release|Any CPU
		{D0568101-A5AB-4E70-8C71-6E2D6197603D}.Release|Any CPU.Build.0 = Release|Any CPU
		{6B685ACB-4FD0-4C88-AF83-BC6B03A59E4A}.Debug|Any CPU.ActiveCfg = Debug|Any CPU
		{6B685ACB-4FD0-4C88-AF83-BC6B03A59E4A}.Debug|Any CPU.Build.0 = Debug|Any CPU
		{6B685ACB-4FD0-4C88-AF83-BC6B03A59E4A}.Release|Any CPU.ActiveCfg = Release|Any CPU
		{6B685ACB-4FD0-4C88-AF83-BC6B03A59E4A}.Release|Any CPU.Build.0 = Release|Any CPU
		{8E8191CF-01EF-4F91-A9BA-5290E20F28B5}.Debug|Any CPU.ActiveCfg = Debug|Any CPU
		{8E8191CF-01EF-4F91-A9BA-5290E20F28B5}.Debug|Any CPU.Build.0 = Debug|Any CPU
		{8E8191CF-01EF-4F91-A9BA-5290E20F28B5}.Release|Any CPU.ActiveCfg = Release|Any CPU
		{8E8191CF-01EF-4F91-A9BA-5290E20F28B5}.Release|Any CPU.Build.0 = Release|Any CPU
	EndGlobalSection
	GlobalSection(SolutionProperties) = preSolution
		HideSolutionNode = FALSE
	EndGlobalSection
	GlobalSection(NestedProjects) = preSolution
		{D0568101-A5AB-4E70-8C71-6E2D6197603D} = {D1EAB4C5-0269-4D7D-B101-39EC1E89D967}
		{6B685ACB-4FD0-4C88-AF83-BC6B03A59E4A} = {D1EAB4C5-0269-4D7D-B101-39EC1E89D967}
		{8E8191CF-01EF-4F91-A9BA-5290E20F28B5} = {D1EAB4C5-0269-4D7D-B101-39EC1E89D967}
	EndGlobalSection
	GlobalSection(ExtensibilityGlobals) = postSolution
		SolutionGuid = {D3261CE2-DB58-446E-BB38-FDCEA05F4D60}
	EndGlobalSection
EndGlobal
